
Microsoft Visual Studio Solution File, Format Version 12.00
# Visual Studio Version 16
VisualStudioVersion = 16.0.29123.88
MinimumVisualStudioVersion = 10.0.40219.1
Project("{FAE04EC0-301F-11D3-BF4B-00C04F79EFBC}") = "Calculadora WPF Nova", "Calculadora WPF Nova\Calculadora WPF Nova.csproj", "{74916CAF-0929-4A66-8557-93598D508B1F}"
EndProject
Global
	GlobalSection(SolutionConfigurationPlatforms) = preSolution
		Debug|Any CPU = Debug|Any CPU
		Release|Any CPU = Release|Any CPU
	EndGlobalSection
	GlobalSection(ProjectConfigurationPlatforms) = postSolution
		{74916CAF-0929-4A66-8557-93598D508B1F}.Debug|Any CPU.ActiveCfg = Debug|Any CPU
		{74916CAF-0929-4A66-8557-93598D508B1F}.Debug|Any CPU.Build.0 = Debug|Any CPU
		{74916CAF-0929-4A66-8557-93598D508B1F}.Release|Any CPU.ActiveCfg = Release|Any CPU
		{74916CAF-0929-4A66-8557-93598D508B1F}.Release|Any CPU.Build.0 = Release|Any CPU
	EndGlobalSection
	GlobalSection(SolutionProperties) = preSolution
		HideSolutionNode = FALSE
	EndGlobalSection
	GlobalSection(ExtensibilityGlobals) = postSolution
		SolutionGuid = {B4519AE1-70A4-4B7B-A190-87D78D06C5E1}
	EndGlobalSection
EndGlobal
