
Microsoft Visual Studio Solution File, Format Version 12.00
# Visual Studio Version 16
VisualStudioVersion = 16.0.29020.237
MinimumVisualStudioVersion = 10.0.40219.1
Project("{FAE04EC0-301F-11D3-BF4B-00C04F79EFBC}") = "ListarCarros", "ListarCarros\ListarCarros.csproj", "{2C96C4FE-8042-461F-9EA1-2BFF566FD6CC}"
EndProject
Global
	GlobalSection(SolutionConfigurationPlatforms) = preSolution
		Debug|Any CPU = Debug|Any CPU
		Release|Any CPU = Release|Any CPU
	EndGlobalSection
	GlobalSection(ProjectConfigurationPlatforms) = postSolution
		{2C96C4FE-8042-461F-9EA1-2BFF566FD6CC}.Debug|Any CPU.ActiveCfg = Debug|Any CPU
		{2C96C4FE-8042-461F-9EA1-2BFF566FD6CC}.Debug|Any CPU.Build.0 = Debug|Any CPU
		{2C96C4FE-8042-461F-9EA1-2BFF566FD6CC}.Release|Any CPU.ActiveCfg = Release|Any CPU
		{2C96C4FE-8042-461F-9EA1-2BFF566FD6CC}.Release|Any CPU.Build.0 = Release|Any CPU
	EndGlobalSection
	GlobalSection(SolutionProperties) = preSolution
		HideSolutionNode = FALSE
	EndGlobalSection
	GlobalSection(ExtensibilityGlobals) = postSolution
		SolutionGuid = {E1E8DB81-C49E-4B51-8B43-85044063CC0E}
	EndGlobalSection
EndGlobal
