
Microsoft Visual Studio Solution File, Format Version 12.00
# Visual Studio Version 16
VisualStudioVersion = 16.0.29020.237
MinimumVisualStudioVersion = 10.0.40219.1
Project("{FAE04EC0-301F-11D3-BF4B-00C04F79EFBC}") = "WpfAplicativoRegex", "WpfAplicativoRegex\WpfAplicativoRegex.csproj", "{67560628-85D9-4F48-B9B4-265F50B44BDC}"
EndProject
Global
	GlobalSection(SolutionConfigurationPlatforms) = preSolution
		Debug|Any CPU = Debug|Any CPU
		Release|Any CPU = Release|Any CPU
	EndGlobalSection
	GlobalSection(ProjectConfigurationPlatforms) = postSolution
		{67560628-85D9-4F48-B9B4-265F50B44BDC}.Debug|Any CPU.ActiveCfg = Debug|Any CPU
		{67560628-85D9-4F48-B9B4-265F50B44BDC}.Debug|Any CPU.Build.0 = Debug|Any CPU
		{67560628-85D9-4F48-B9B4-265F50B44BDC}.Release|Any CPU.ActiveCfg = Release|Any CPU
		{67560628-85D9-4F48-B9B4-265F50B44BDC}.Release|Any CPU.Build.0 = Release|Any CPU
	EndGlobalSection
	GlobalSection(SolutionProperties) = preSolution
		HideSolutionNode = FALSE
	EndGlobalSection
	GlobalSection(ExtensibilityGlobals) = postSolution
		SolutionGuid = {6BC14559-5DE7-41FC-8CA1-763D439A3DAE}
	EndGlobalSection
EndGlobal
