
Microsoft Visual Studio Solution File, Format Version 12.00
# Visual Studio Version 16
VisualStudioVersion = 16.0.29020.237
MinimumVisualStudioVersion = 10.0.40219.1
Project("{FAE04EC0-301F-11D3-BF4B-00C04F79EFBC}") = "Sistema Biblioteca", "Sistema Biblioteca.csproj", "{70916254-29FD-47D3-B8BE-5E7B08824CFF}"
EndProject
Global
	GlobalSection(SolutionConfigurationPlatforms) = preSolution
		Debug|Any CPU = Debug|Any CPU
		Release|Any CPU = Release|Any CPU
	EndGlobalSection
	GlobalSection(ProjectConfigurationPlatforms) = postSolution
		{70916254-29FD-47D3-B8BE-5E7B08824CFF}.Debug|Any CPU.ActiveCfg = Debug|Any CPU
		{70916254-29FD-47D3-B8BE-5E7B08824CFF}.Debug|Any CPU.Build.0 = Debug|Any CPU
		{70916254-29FD-47D3-B8BE-5E7B08824CFF}.Release|Any CPU.ActiveCfg = Release|Any CPU
		{70916254-29FD-47D3-B8BE-5E7B08824CFF}.Release|Any CPU.Build.0 = Release|Any CPU
	EndGlobalSection
	GlobalSection(SolutionProperties) = preSolution
		HideSolutionNode = FALSE
	EndGlobalSection
	GlobalSection(ExtensibilityGlobals) = postSolution
		SolutionGuid = {C4C0E844-F36C-484D-91F6-EF8C6CAD55B1}
	EndGlobalSection
EndGlobal
