
Microsoft Visual Studio Solution File, Format Version 12.00
# Visual Studio Version 16
VisualStudioVersion = 16.0.29020.237
MinimumVisualStudioVersion = 10.0.40219.1
Project("{FAE04EC0-301F-11D3-BF4B-00C04F79EFBC}") = "WPFApp_0000001", "WPFApp_0000001\WPFApp_0000001.csproj", "{5DB93538-8D57-4F5A-879B-BA9C24F44560}"
EndProject
Global
	GlobalSection(SolutionConfigurationPlatforms) = preSolution
		Debug|Any CPU = Debug|Any CPU
		Release|Any CPU = Release|Any CPU
	EndGlobalSection
	GlobalSection(ProjectConfigurationPlatforms) = postSolution
		{5DB93538-8D57-4F5A-879B-BA9C24F44560}.Debug|Any CPU.ActiveCfg = Debug|Any CPU
		{5DB93538-8D57-4F5A-879B-BA9C24F44560}.Debug|Any CPU.Build.0 = Debug|Any CPU
		{5DB93538-8D57-4F5A-879B-BA9C24F44560}.Release|Any CPU.ActiveCfg = Release|Any CPU
		{5DB93538-8D57-4F5A-879B-BA9C24F44560}.Release|Any CPU.Build.0 = Release|Any CPU
	EndGlobalSection
	GlobalSection(SolutionProperties) = preSolution
		HideSolutionNode = FALSE
	EndGlobalSection
	GlobalSection(ExtensibilityGlobals) = postSolution
		SolutionGuid = {24B7BCF5-47AA-4AEC-A5CA-FA7F710B9032}
	EndGlobalSection
EndGlobal
