
Microsoft Visual Studio Solution File, Format Version 12.00
# Visual Studio Version 16
VisualStudioVersion = 16.0.29020.237
MinimumVisualStudioVersion = 10.0.40219.1
Project("{FAE04EC0-301F-11D3-BF4B-00C04F79EFBC}") = "ProjetoTccHBSIS", "ProjetoTccHBSIS\ProjetoTccHBSIS.csproj", "{52D884D1-6D4B-4FDA-AF72-C17DFCECAC32}"
EndProject
Global
	GlobalSection(SolutionConfigurationPlatforms) = preSolution
		Debug|Any CPU = Debug|Any CPU
		Release|Any CPU = Release|Any CPU
	EndGlobalSection
	GlobalSection(ProjectConfigurationPlatforms) = postSolution
		{52D884D1-6D4B-4FDA-AF72-C17DFCECAC32}.Debug|Any CPU.ActiveCfg = Debug|Any CPU
		{52D884D1-6D4B-4FDA-AF72-C17DFCECAC32}.Debug|Any CPU.Build.0 = Debug|Any CPU
		{52D884D1-6D4B-4FDA-AF72-C17DFCECAC32}.Release|Any CPU.ActiveCfg = Release|Any CPU
		{52D884D1-6D4B-4FDA-AF72-C17DFCECAC32}.Release|Any CPU.Build.0 = Release|Any CPU
	EndGlobalSection
	GlobalSection(SolutionProperties) = preSolution
		HideSolutionNode = FALSE
	EndGlobalSection
	GlobalSection(ExtensibilityGlobals) = postSolution
		SolutionGuid = {3C8DD246-28A8-48A5-8A46-41B88CF5D751}
	EndGlobalSection
EndGlobal
