
Microsoft Visual Studio Solution File, Format Version 12.00
# Visual Studio Version 16
VisualStudioVersion = 16.0.29020.237
MinimumVisualStudioVersion = 10.0.40219.1
Project("{FAE04EC0-301F-11D3-BF4B-00C04F79EFBC}") = "Calculadora", "Calculadora.csproj", "{216D8348-E385-48BB-BFA9-BF3C80BE6EFB}"
EndProject
Project("{FAE04EC0-301F-11D3-BF4B-00C04F79EFBC}") = "UsandoCalculadora", "..\UsandoCalculadora\UsandoCalculadora.csproj", "{32ACF223-661A-422A-83A6-2FB7E2081B2F}"
EndProject
Global
	GlobalSection(SolutionConfigurationPlatforms) = preSolution
		Debug|Any CPU = Debug|Any CPU
		Release|Any CPU = Release|Any CPU
	EndGlobalSection
	GlobalSection(ProjectConfigurationPlatforms) = postSolution
		{216D8348-E385-48BB-BFA9-BF3C80BE6EFB}.Debug|Any CPU.ActiveCfg = Debug|Any CPU
		{216D8348-E385-48BB-BFA9-BF3C80BE6EFB}.Debug|Any CPU.Build.0 = Debug|Any CPU
		{216D8348-E385-48BB-BFA9-BF3C80BE6EFB}.Release|Any CPU.ActiveCfg = Release|Any CPU
		{216D8348-E385-48BB-BFA9-BF3C80BE6EFB}.Release|Any CPU.Build.0 = Release|Any CPU
		{32ACF223-661A-422A-83A6-2FB7E2081B2F}.Debug|Any CPU.ActiveCfg = Debug|Any CPU
		{32ACF223-661A-422A-83A6-2FB7E2081B2F}.Debug|Any CPU.Build.0 = Debug|Any CPU
		{32ACF223-661A-422A-83A6-2FB7E2081B2F}.Release|Any CPU.ActiveCfg = Release|Any CPU
		{32ACF223-661A-422A-83A6-2FB7E2081B2F}.Release|Any CPU.Build.0 = Release|Any CPU
	EndGlobalSection
	GlobalSection(SolutionProperties) = preSolution
		HideSolutionNode = FALSE
	EndGlobalSection
	GlobalSection(ExtensibilityGlobals) = postSolution
		SolutionGuid = {2A9390E4-4DA0-4921-8828-72A041D077F1}
	EndGlobalSection
EndGlobal
