
Microsoft Visual Studio Solution File, Format Version 12.00
# Visual Studio Version 16
VisualStudioVersion = 16.0.29020.237
MinimumVisualStudioVersion = 10.0.40219.1
Project("{FAE04EC0-301F-11D3-BF4B-00C04F79EFBC}") = "Receita de Bolo", "Receita de Bolo.csproj", "{63185042-85FC-4087-B729-7499216B60F1}"
EndProject
Global
	GlobalSection(SolutionConfigurationPlatforms) = preSolution
		Debug|Any CPU = Debug|Any CPU
		Release|Any CPU = Release|Any CPU
	EndGlobalSection
	GlobalSection(ProjectConfigurationPlatforms) = postSolution
		{63185042-85FC-4087-B729-7499216B60F1}.Debug|Any CPU.ActiveCfg = Debug|Any CPU
		{63185042-85FC-4087-B729-7499216B60F1}.Debug|Any CPU.Build.0 = Debug|Any CPU
		{63185042-85FC-4087-B729-7499216B60F1}.Release|Any CPU.ActiveCfg = Release|Any CPU
		{63185042-85FC-4087-B729-7499216B60F1}.Release|Any CPU.Build.0 = Release|Any CPU
	EndGlobalSection
	GlobalSection(SolutionProperties) = preSolution
		HideSolutionNode = FALSE
	EndGlobalSection
	GlobalSection(ExtensibilityGlobals) = postSolution
		SolutionGuid = {4CAC6263-2160-4B49-B8F0-1ABF1567E3A6}
	EndGlobalSection
EndGlobal
